// !$*UTF8*$!
{
	archiveVersion = 1;
	classes = {
	};
	objectVersion = 51;
	objects = {

/* Begin PBXBuildFile section */
		167FC0476E9E526650900AA8 /* Pods_VK_client.framework in Frameworks */ = {isa = PBXBuildFile; fileRef = 001B82FEDFDFED263E7D2D40 /* Pods_VK_client.framework */; };
		2E322E3723E2DDED005DF1F6 /* AppDelegate.swift in Sources */ = {isa = PBXBuildFile; fileRef = 2E322E3623E2DDED005DF1F6 /* AppDelegate.swift */; };
		2E322E3923E2DDED005DF1F6 /* SceneDelegate.swift in Sources */ = {isa = PBXBuildFile; fileRef = 2E322E3823E2DDED005DF1F6 /* SceneDelegate.swift */; };
		2E322E3E23E2DDED005DF1F6 /* Main.storyboard in Resources */ = {isa = PBXBuildFile; fileRef = 2E322E3C23E2DDED005DF1F6 /* Main.storyboard */; };
		2E322E4123E2DDED005DF1F6 /* VK_client.xcdatamodeld in Sources */ = {isa = PBXBuildFile; fileRef = 2E322E3F23E2DDED005DF1F6 /* VK_client.xcdatamodeld */; };
		2E322E4323E2DDF5005DF1F6 /* Assets.xcassets in Resources */ = {isa = PBXBuildFile; fileRef = 2E322E4223E2DDF5005DF1F6 /* Assets.xcassets */; };
		2E322E4623E2DDF5005DF1F6 /* LaunchScreen.storyboard in Resources */ = {isa = PBXBuildFile; fileRef = 2E322E4423E2DDF5005DF1F6 /* LaunchScreen.storyboard */; };
		2E37049723FBF7CF002B115C /* ShadowContainer.swift in Sources */ = {isa = PBXBuildFile; fileRef = 2E37049623FBF7CF002B115C /* ShadowContainer.swift */; };
		2E37049923FBF7E4002B115C /* ShapeContainer.swift in Sources */ = {isa = PBXBuildFile; fileRef = 2E37049823FBF7E4002B115C /* ShapeContainer.swift */; };
		2E37049B23FBFF88002B115C /* PhotoLikesCounter.swift in Sources */ = {isa = PBXBuildFile; fileRef = 2E37049A23FBFF88002B115C /* PhotoLikesCounter.swift */; };
		2E54BD7923F2D02B00056EC0 /* GlobalsGroupsCell.swift in Sources */ = {isa = PBXBuildFile; fileRef = 2E54BD7823F2D02B00056EC0 /* GlobalsGroupsCell.swift */; };
		2E54BD7B23F2D03D00056EC0 /* GlobalGroupsController.swift in Sources */ = {isa = PBXBuildFile; fileRef = 2E54BD7A23F2D03D00056EC0 /* GlobalGroupsController.swift */; };
		2E54BD7D23F2D31F00056EC0 /* MyGroupsController.swift in Sources */ = {isa = PBXBuildFile; fileRef = 2E54BD7C23F2D31F00056EC0 /* MyGroupsController.swift */; };
		2E54BD7F23F2D33200056EC0 /* MyGroupsCell.swift in Sources */ = {isa = PBXBuildFile; fileRef = 2E54BD7E23F2D33200056EC0 /* MyGroupsCell.swift */; };
		2E54BD8123F2D37700056EC0 /* Group.swift in Sources */ = {isa = PBXBuildFile; fileRef = 2E54BD8023F2D37700056EC0 /* Group.swift */; };
		2E54BD8323F2D52C00056EC0 /* User.swift in Sources */ = {isa = PBXBuildFile; fileRef = 2E54BD8223F2D52C00056EC0 /* User.swift */; };
		2E54BD8623F2D68D00056EC0 /* MyFriendsCell.swift in Sources */ = {isa = PBXBuildFile; fileRef = 2E54BD8523F2D68D00056EC0 /* MyFriendsCell.swift */; };
		2E54BD8823F2D6A300056EC0 /* MyFriendsController.swift in Sources */ = {isa = PBXBuildFile; fileRef = 2E54BD8723F2D6A300056EC0 /* MyFriendsController.swift */; };
		2E69583B24E865F700E0A22A /* Promises.swift in Sources */ = {isa = PBXBuildFile; fileRef = 2E69583A24E865F700E0A22A /* Promises.swift */; };
		2E71A92024D0045F00AEDF84 /* NewsPostTableViewCell.swift in Sources */ = {isa = PBXBuildFile; fileRef = 2E71A91F24D0045F00AEDF84 /* NewsPostTableViewCell.swift */; };
		2E71A92224D0047000AEDF84 /* NewsPhotoTableViewCell.swift in Sources */ = {isa = PBXBuildFile; fileRef = 2E71A92124D0047000AEDF84 /* NewsPhotoTableViewCell.swift */; };
		2E71A92424E1D7DD00AEDF84 /* AsyncOperation.swift in Sources */ = {isa = PBXBuildFile; fileRef = 2E71A92324E1D7DD00AEDF84 /* AsyncOperation.swift */; };
		2E71A92624E1D8E100AEDF84 /* FetchDataOperation.swift in Sources */ = {isa = PBXBuildFile; fileRef = 2E71A92524E1D8E100AEDF84 /* FetchDataOperation.swift */; };
		2E71A92824E1D9DB00AEDF84 /* ParseDataOperation.swift in Sources */ = {isa = PBXBuildFile; fileRef = 2E71A92724E1D9DB00AEDF84 /* ParseDataOperation.swift */; };
		2E71A92A24E1DA1200AEDF84 /* SafeToRealmOperation.swift in Sources */ = {isa = PBXBuildFile; fileRef = 2E71A92924E1DA1100AEDF84 /* SafeToRealmOperation.swift */; };
		2E71A92C24E1DA2800AEDF84 /* DisplayDataOperation.swift in Sources */ = {isa = PBXBuildFile; fileRef = 2E71A92B24E1DA2800AEDF84 /* DisplayDataOperation.swift */; };
		2EA001832425480100F1FE42 /* Photo.swift in Sources */ = {isa = PBXBuildFile; fileRef = 2EA001822425480100F1FE42 /* Photo.swift */; };
		2ED6225123F6C1D30031AB3A /* UserPhotosController.swift in Sources */ = {isa = PBXBuildFile; fileRef = 2ED6225023F6C1D30031AB3A /* UserPhotosController.swift */; };
		2ED6225323F6C2170031AB3A /* UserPhotosCell.swift in Sources */ = {isa = PBXBuildFile; fileRef = 2ED6225223F6C2170031AB3A /* UserPhotosCell.swift */; };
		2ED829622408240F00C0D7B3 /* NewsTableViewController.swift in Sources */ = {isa = PBXBuildFile; fileRef = 2ED829612408240F00C0D7B3 /* NewsTableViewController.swift */; };
		2ED8296624083EB600C0D7B3 /* News.swift in Sources */ = {isa = PBXBuildFile; fileRef = 2ED8296524083EB500C0D7B3 /* News.swift */; };
		2ED82969240919C200C0D7B3 /* LoadingAnimationViewController.swift in Sources */ = {isa = PBXBuildFile; fileRef = 2ED82968240919C200C0D7B3 /* LoadingAnimationViewController.swift */; };
		2ED829712409C29F00C0D7B3 /* ShowImageViewController.swift in Sources */ = {isa = PBXBuildFile; fileRef = 2ED829702409C29F00C0D7B3 /* ShowImageViewController.swift */; };
		2ED82976240E42F600C0D7B3 /* CustomPushAnimator.swift in Sources */ = {isa = PBXBuildFile; fileRef = 2ED82975240E42F600C0D7B3 /* CustomPushAnimator.swift */; };
		2ED82978240E430E00C0D7B3 /* CustonPopAnimator.swift in Sources */ = {isa = PBXBuildFile; fileRef = 2ED82977240E430E00C0D7B3 /* CustonPopAnimator.swift */; };
		2ED8297A240E44C300C0D7B3 /* CustomNavigationController.swift in Sources */ = {isa = PBXBuildFile; fileRef = 2ED82979240E44C300C0D7B3 /* CustomNavigationController.swift */; };
		2ED8297C240E654500C0D7B3 /* CustomInteractiveTransition.swift in Sources */ = {isa = PBXBuildFile; fileRef = 2ED8297B240E654500C0D7B3 /* CustomInteractiveTransition.swift */; };
		2ED8299D241BA46F00C0D7B3 /* Session.swift in Sources */ = {isa = PBXBuildFile; fileRef = 2ED8299C241BA46F00C0D7B3 /* Session.swift */; };
		2ED829A1242115C600C0D7B3 /* VKClientServer.swift in Sources */ = {isa = PBXBuildFile; fileRef = 2ED829A0242115C600C0D7B3 /* VKClientServer.swift */; };
		2ED829A4242129F100C0D7B3 /* AuthorizationViewController.swift in Sources */ = {isa = PBXBuildFile; fileRef = 2ED829A3242129F100C0D7B3 /* AuthorizationViewController.swift */; };
		2EEC9843243C7ACF00D8E050 /* GoogleService-Info.plist in Resources */ = {isa = PBXBuildFile; fileRef = 2EEC9842243C7ACE00D8E050 /* GoogleService-Info.plist */; };
/* End PBXBuildFile section */

/* Begin PBXFileReference section */
		001B82FEDFDFED263E7D2D40 /* Pods_VK_client.framework */ = {isa = PBXFileReference; explicitFileType = wrapper.framework; includeInIndex = 0; path = Pods_VK_client.framework; sourceTree = BUILT_PRODUCTS_DIR; };
		2E322E3323E2DDED005DF1F6 /* VK_client.app */ = {isa = PBXFileReference; explicitFileType = wrapper.application; includeInIndex = 0; path = VK_client.app; sourceTree = BUILT_PRODUCTS_DIR; };
		2E322E3623E2DDED005DF1F6 /* AppDelegate.swift */ = {isa = PBXFileReference; lastKnownFileType = sourcecode.swift; path = AppDelegate.swift; sourceTree = "<group>"; };
		2E322E3823E2DDED005DF1F6 /* SceneDelegate.swift */ = {isa = PBXFileReference; lastKnownFileType = sourcecode.swift; path = SceneDelegate.swift; sourceTree = "<group>"; };
		2E322E3D23E2DDED005DF1F6 /* Base */ = {isa = PBXFileReference; lastKnownFileType = file.storyboard; name = Base; path = Base.lproj/Main.storyboard; sourceTree = "<group>"; };
		2E322E4023E2DDED005DF1F6 /* VK_client.xcdatamodel */ = {isa = PBXFileReference; lastKnownFileType = wrapper.xcdatamodel; path = VK_client.xcdatamodel; sourceTree = "<group>"; };
		2E322E4223E2DDF5005DF1F6 /* Assets.xcassets */ = {isa = PBXFileReference; lastKnownFileType = folder.assetcatalog; path = Assets.xcassets; sourceTree = "<group>"; };
		2E322E4523E2DDF5005DF1F6 /* Base */ = {isa = PBXFileReference; lastKnownFileType = file.storyboard; name = Base; path = Base.lproj/LaunchScreen.storyboard; sourceTree = "<group>"; };
		2E322E4723E2DDF5005DF1F6 /* Info.plist */ = {isa = PBXFileReference; lastKnownFileType = text.plist.xml; path = Info.plist; sourceTree = "<group>"; };
		2E37049623FBF7CF002B115C /* ShadowContainer.swift */ = {isa = PBXFileReference; lastKnownFileType = sourcecode.swift; path = ShadowContainer.swift; sourceTree = "<group>"; };
		2E37049823FBF7E4002B115C /* ShapeContainer.swift */ = {isa = PBXFileReference; lastKnownFileType = sourcecode.swift; path = ShapeContainer.swift; sourceTree = "<group>"; };
		2E37049A23FBFF88002B115C /* PhotoLikesCounter.swift */ = {isa = PBXFileReference; lastKnownFileType = sourcecode.swift; path = PhotoLikesCounter.swift; sourceTree = "<group>"; };
		2E54BD7823F2D02B00056EC0 /* GlobalsGroupsCell.swift */ = {isa = PBXFileReference; lastKnownFileType = sourcecode.swift; path = GlobalsGroupsCell.swift; sourceTree = "<group>"; };
		2E54BD7A23F2D03D00056EC0 /* GlobalGroupsController.swift */ = {isa = PBXFileReference; lastKnownFileType = sourcecode.swift; path = GlobalGroupsController.swift; sourceTree = "<group>"; };
		2E54BD7C23F2D31F00056EC0 /* MyGroupsController.swift */ = {isa = PBXFileReference; lastKnownFileType = sourcecode.swift; path = MyGroupsController.swift; sourceTree = "<group>"; };
		2E54BD7E23F2D33200056EC0 /* MyGroupsCell.swift */ = {isa = PBXFileReference; lastKnownFileType = sourcecode.swift; path = MyGroupsCell.swift; sourceTree = "<group>"; };
		2E54BD8023F2D37700056EC0 /* Group.swift */ = {isa = PBXFileReference; lastKnownFileType = sourcecode.swift; path = Group.swift; sourceTree = "<group>"; };
		2E54BD8223F2D52C00056EC0 /* User.swift */ = {isa = PBXFileReference; lastKnownFileType = sourcecode.swift; path = User.swift; sourceTree = "<group>"; };
		2E54BD8523F2D68D00056EC0 /* MyFriendsCell.swift */ = {isa = PBXFileReference; lastKnownFileType = sourcecode.swift; path = MyFriendsCell.swift; sourceTree = "<group>"; };
		2E54BD8723F2D6A300056EC0 /* MyFriendsController.swift */ = {isa = PBXFileReference; lastKnownFileType = sourcecode.swift; path = MyFriendsController.swift; sourceTree = "<group>"; };
		2E69583A24E865F700E0A22A /* Promises.swift */ = {isa = PBXFileReference; lastKnownFileType = sourcecode.swift; path = Promises.swift; sourceTree = "<group>"; };
		2E71A91F24D0045F00AEDF84 /* NewsPostTableViewCell.swift */ = {isa = PBXFileReference; lastKnownFileType = sourcecode.swift; path = NewsPostTableViewCell.swift; sourceTree = "<group>"; };
		2E71A92124D0047000AEDF84 /* NewsPhotoTableViewCell.swift */ = {isa = PBXFileReference; lastKnownFileType = sourcecode.swift; path = NewsPhotoTableViewCell.swift; sourceTree = "<group>"; };
		2E71A92324E1D7DD00AEDF84 /* AsyncOperation.swift */ = {isa = PBXFileReference; lastKnownFileType = sourcecode.swift; path = AsyncOperation.swift; sourceTree = "<group>"; };
		2E71A92524E1D8E100AEDF84 /* FetchDataOperation.swift */ = {isa = PBXFileReference; lastKnownFileType = sourcecode.swift; path = FetchDataOperation.swift; sourceTree = "<group>"; };
		2E71A92724E1D9DB00AEDF84 /* ParseDataOperation.swift */ = {isa = PBXFileReference; lastKnownFileType = sourcecode.swift; path = ParseDataOperation.swift; sourceTree = "<group>"; };
		2E71A92924E1DA1100AEDF84 /* SafeToRealmOperation.swift */ = {isa = PBXFileReference; lastKnownFileType = sourcecode.swift; path = SafeToRealmOperation.swift; sourceTree = "<group>"; };
		2E71A92B24E1DA2800AEDF84 /* DisplayDataOperation.swift */ = {isa = PBXFileReference; lastKnownFileType = sourcecode.swift; path = DisplayDataOperation.swift; sourceTree = "<group>"; };
		2EA001822425480100F1FE42 /* Photo.swift */ = {isa = PBXFileReference; lastKnownFileType = sourcecode.swift; path = Photo.swift; sourceTree = "<group>"; };
		2ED6225023F6C1D30031AB3A /* UserPhotosController.swift */ = {isa = PBXFileReference; lastKnownFileType = sourcecode.swift; path = UserPhotosController.swift; sourceTree = "<group>"; };
		2ED6225223F6C2170031AB3A /* UserPhotosCell.swift */ = {isa = PBXFileReference; lastKnownFileType = sourcecode.swift; path = UserPhotosCell.swift; sourceTree = "<group>"; };
		2ED829612408240F00C0D7B3 /* NewsTableViewController.swift */ = {isa = PBXFileReference; lastKnownFileType = sourcecode.swift; path = NewsTableViewController.swift; sourceTree = "<group>"; };
		2ED8296524083EB500C0D7B3 /* News.swift */ = {isa = PBXFileReference; lastKnownFileType = sourcecode.swift; path = News.swift; sourceTree = "<group>"; };
		2ED82968240919C200C0D7B3 /* LoadingAnimationViewController.swift */ = {isa = PBXFileReference; lastKnownFileType = sourcecode.swift; path = LoadingAnimationViewController.swift; sourceTree = "<group>"; };
		2ED829702409C29F00C0D7B3 /* ShowImageViewController.swift */ = {isa = PBXFileReference; lastKnownFileType = sourcecode.swift; path = ShowImageViewController.swift; sourceTree = "<group>"; };
		2ED82975240E42F600C0D7B3 /* CustomPushAnimator.swift */ = {isa = PBXFileReference; lastKnownFileType = sourcecode.swift; path = CustomPushAnimator.swift; sourceTree = "<group>"; };
		2ED82977240E430E00C0D7B3 /* CustonPopAnimator.swift */ = {isa = PBXFileReference; lastKnownFileType = sourcecode.swift; path = CustonPopAnimator.swift; sourceTree = "<group>"; };
		2ED82979240E44C300C0D7B3 /* CustomNavigationController.swift */ = {isa = PBXFileReference; lastKnownFileType = sourcecode.swift; path = CustomNavigationController.swift; sourceTree = "<group>"; };
		2ED8297B240E654500C0D7B3 /* CustomInteractiveTransition.swift */ = {isa = PBXFileReference; lastKnownFileType = sourcecode.swift; path = CustomInteractiveTransition.swift; sourceTree = "<group>"; };
		2ED8299C241BA46F00C0D7B3 /* Session.swift */ = {isa = PBXFileReference; lastKnownFileType = sourcecode.swift; path = Session.swift; sourceTree = "<group>"; };
		2ED829A0242115C600C0D7B3 /* VKClientServer.swift */ = {isa = PBXFileReference; lastKnownFileType = sourcecode.swift; path = VKClientServer.swift; sourceTree = "<group>"; };
		2ED829A3242129F100C0D7B3 /* AuthorizationViewController.swift */ = {isa = PBXFileReference; lastKnownFileType = sourcecode.swift; path = AuthorizationViewController.swift; sourceTree = "<group>"; };
		2EEC9842243C7ACE00D8E050 /* GoogleService-Info.plist */ = {isa = PBXFileReference; fileEncoding = 4; lastKnownFileType = text.plist.xml; name = "GoogleService-Info.plist"; path = "../../../../../../Downloads/GoogleService-Info.plist"; sourceTree = "<group>"; };
		5BFD1AA6937073414636CBDC /* Pods-VK_client.debug.xcconfig */ = {isa = PBXFileReference; includeInIndex = 1; lastKnownFileType = text.xcconfig; name = "Pods-VK_client.debug.xcconfig"; path = "Target Support Files/Pods-VK_client/Pods-VK_client.debug.xcconfig"; sourceTree = "<group>"; };
		8240FF08C5D5CE61FEB07ABD /* Pods-VK_client.release.xcconfig */ = {isa = PBXFileReference; includeInIndex = 1; lastKnownFileType = text.xcconfig; name = "Pods-VK_client.release.xcconfig"; path = "Target Support Files/Pods-VK_client/Pods-VK_client.release.xcconfig"; sourceTree = "<group>"; };
/* End PBXFileReference section */

/* Begin PBXFrameworksBuildPhase section */
		2E322E3023E2DDED005DF1F6 /* Frameworks */ = {
			isa = PBXFrameworksBuildPhase;
			buildActionMask = 2147483647;
			files = (
				167FC0476E9E526650900AA8 /* Pods_VK_client.framework in Frameworks */,
			);
			runOnlyForDeploymentPostprocessing = 0;
		};
/* End PBXFrameworksBuildPhase section */

/* Begin PBXGroup section */
		2E322E2A23E2DDED005DF1F6 = {
			isa = PBXGroup;
			children = (
				2E322E3523E2DDED005DF1F6 /* VK_client */,
				2E322E3423E2DDED005DF1F6 /* Products */,
				D59CEFED264C9F64894B7E71 /* Pods */,
				C2BA79D0B455CEA2B52EA879 /* Frameworks */,
			);
			sourceTree = "<group>";
		};
		2E322E3423E2DDED005DF1F6 /* Products */ = {
			isa = PBXGroup;
			children = (
				2E322E3323E2DDED005DF1F6 /* VK_client.app */,
			);
			name = Products;
			sourceTree = "<group>";
		};
		2E322E3523E2DDED005DF1F6 /* VK_client */ = {
			isa = PBXGroup;
			children = (
				2ED829A2242129CC00C0D7B3 /* Authorization */,
				2ED8299F242113A800C0D7B3 /* Services & Operations */,
				2ED82999241BA2FA00C0D7B3 /* Session Info */,
				2ED82972240E325A00C0D7B3 /* NC Animations */,
				2ED829672409199500C0D7B3 /* Animations */,
				2ED82960240823D000C0D7B3 /* News Screen */,
				2E37049523FBF758002B115C /* TableViewCells Customization */,
				2E54BD8423F2D64800056EC0 /* DataModels */,
				2E54BD7123F2C43D00056EC0 /* My Friends Screen */,
				2ED6224F23F6C1880031AB3A /* User Photo Screen */,
				2E54BD7323F2C45700056EC0 /* Global Groups Screen */,
				2E54BD7023F2C43000056EC0 /* My Groups Screen */,
				2E322E3623E2DDED005DF1F6 /* AppDelegate.swift */,
				2E322E3823E2DDED005DF1F6 /* SceneDelegate.swift */,
				2E322E3C23E2DDED005DF1F6 /* Main.storyboard */,
				2E322E4223E2DDF5005DF1F6 /* Assets.xcassets */,
				2E322E4423E2DDF5005DF1F6 /* LaunchScreen.storyboard */,
				2EEC9842243C7ACE00D8E050 /* GoogleService-Info.plist */,
				2E322E4723E2DDF5005DF1F6 /* Info.plist */,
				2E322E3F23E2DDED005DF1F6 /* VK_client.xcdatamodeld */,
			);
			path = VK_client;
			sourceTree = "<group>";
		};
		2E37049523FBF758002B115C /* TableViewCells Customization */ = {
			isa = PBXGroup;
			children = (
				2E37049623FBF7CF002B115C /* ShadowContainer.swift */,
				2E37049823FBF7E4002B115C /* ShapeContainer.swift */,
			);
			path = "TableViewCells Customization";
			sourceTree = "<group>";
		};
		2E54BD7023F2C43000056EC0 /* My Groups Screen */ = {
			isa = PBXGroup;
			children = (
				2E54BD7C23F2D31F00056EC0 /* MyGroupsController.swift */,
				2E54BD7E23F2D33200056EC0 /* MyGroupsCell.swift */,
			);
			path = "My Groups Screen";
			sourceTree = "<group>";
		};
		2E54BD7123F2C43D00056EC0 /* My Friends Screen */ = {
			isa = PBXGroup;
			children = (
				2E54BD8523F2D68D00056EC0 /* MyFriendsCell.swift */,
				2E54BD8723F2D6A300056EC0 /* MyFriendsController.swift */,
			);
			path = "My Friends Screen";
			sourceTree = "<group>";
		};
		2E54BD7323F2C45700056EC0 /* Global Groups Screen */ = {
			isa = PBXGroup;
			children = (
				2E54BD7823F2D02B00056EC0 /* GlobalsGroupsCell.swift */,
				2E54BD7A23F2D03D00056EC0 /* GlobalGroupsController.swift */,
			);
			path = "Global Groups Screen";
			sourceTree = "<group>";
		};
		2E54BD8423F2D64800056EC0 /* DataModels */ = {
			isa = PBXGroup;
			children = (
				2E54BD8023F2D37700056EC0 /* Group.swift */,
				2E54BD8223F2D52C00056EC0 /* User.swift */,
				2ED8296524083EB500C0D7B3 /* News.swift */,
				2EA001822425480100F1FE42 /* Photo.swift */,
			);
			path = DataModels;
			sourceTree = "<group>";
		};
		2E69583824E8658600E0A22A /* NSOperations */ = {
			isa = PBXGroup;
			children = (
				2E71A92324E1D7DD00AEDF84 /* AsyncOperation.swift */,
				2E71A92524E1D8E100AEDF84 /* FetchDataOperation.swift */,
				2E71A92724E1D9DB00AEDF84 /* ParseDataOperation.swift */,
				2E71A92924E1DA1100AEDF84 /* SafeToRealmOperation.swift */,
				2E71A92B24E1DA2800AEDF84 /* DisplayDataOperation.swift */,
			);
			path = NSOperations;
			sourceTree = "<group>";
		};
		2E69583924E865D400E0A22A /* Promises */ = {
			isa = PBXGroup;
			children = (
				2E69583A24E865F700E0A22A /* Promises.swift */,
			);
			path = Promises;
			sourceTree = "<group>";
		};
		2ED6224F23F6C1880031AB3A /* User Photo Screen */ = {
			isa = PBXGroup;
			children = (
				2ED6225023F6C1D30031AB3A /* UserPhotosController.swift */,
				2ED6225223F6C2170031AB3A /* UserPhotosCell.swift */,
				2E37049A23FBFF88002B115C /* PhotoLikesCounter.swift */,
				2ED829702409C29F00C0D7B3 /* ShowImageViewController.swift */,
			);
			path = "User Photo Screen";
			sourceTree = "<group>";
		};
		2ED82960240823D000C0D7B3 /* News Screen */ = {
			isa = PBXGroup;
			children = (
				2ED829612408240F00C0D7B3 /* NewsTableViewController.swift */,
				2E71A91F24D0045F00AEDF84 /* NewsPostTableViewCell.swift */,
				2E71A92124D0047000AEDF84 /* NewsPhotoTableViewCell.swift */,
			);
			path = "News Screen";
			sourceTree = "<group>";
		};
		2ED829672409199500C0D7B3 /* Animations */ = {
			isa = PBXGroup;
			children = (
				2ED82968240919C200C0D7B3 /* LoadingAnimationViewController.swift */,
			);
			path = Animations;
			sourceTree = "<group>";
		};
		2ED82972240E325A00C0D7B3 /* NC Animations */ = {
			isa = PBXGroup;
			children = (
				2ED82975240E42F600C0D7B3 /* CustomPushAnimator.swift */,
				2ED82977240E430E00C0D7B3 /* CustonPopAnimator.swift */,
				2ED82979240E44C300C0D7B3 /* CustomNavigationController.swift */,
				2ED8297B240E654500C0D7B3 /* CustomInteractiveTransition.swift */,
			);
			path = "NC Animations";
			sourceTree = "<group>";
		};
		2ED82999241BA2FA00C0D7B3 /* Session Info */ = {
			isa = PBXGroup;
			children = (
				2ED8299C241BA46F00C0D7B3 /* Session.swift */,
			);
			path = "Session Info";
			sourceTree = "<group>";
		};
		2ED8299F242113A800C0D7B3 /* Services & Operations */ = {
			isa = PBXGroup;
			children = (
				2ED829A0242115C600C0D7B3 /* VKClientServer.swift */,
				2E69583924E865D400E0A22A /* Promises */,
				2E69583824E8658600E0A22A /* NSOperations */,
			);
			path = "Services & Operations";
			sourceTree = "<group>";
		};
		2ED829A2242129CC00C0D7B3 /* Authorization */ = {
			isa = PBXGroup;
			children = (
				2ED829A3242129F100C0D7B3 /* AuthorizationViewController.swift */,
			);
			path = Authorization;
			sourceTree = "<group>";
		};
		C2BA79D0B455CEA2B52EA879 /* Frameworks */ = {
			isa = PBXGroup;
			children = (
				001B82FEDFDFED263E7D2D40 /* Pods_VK_client.framework */,
			);
			name = Frameworks;
			sourceTree = "<group>";
		};
		D59CEFED264C9F64894B7E71 /* Pods */ = {
			isa = PBXGroup;
			children = (
				5BFD1AA6937073414636CBDC /* Pods-VK_client.debug.xcconfig */,
				8240FF08C5D5CE61FEB07ABD /* Pods-VK_client.release.xcconfig */,
			);
			path = Pods;
			sourceTree = "<group>";
		};
/* End PBXGroup section */

/* Begin PBXNativeTarget section */
		2E322E3223E2DDED005DF1F6 /* VK_client */ = {
			isa = PBXNativeTarget;
			buildConfigurationList = 2E322E4A23E2DDF5005DF1F6 /* Build configuration list for PBXNativeTarget "VK_client" */;
			buildPhases = (
				C4AA68EE71C00C0FEC0F98D1 /* [CP] Check Pods Manifest.lock */,
				2E322E2F23E2DDED005DF1F6 /* Sources */,
				2E322E3023E2DDED005DF1F6 /* Frameworks */,
				2E322E3123E2DDED005DF1F6 /* Resources */,
				A9545FB60FF5D7499C6E1A7E /* [CP] Embed Pods Frameworks */,
			);
			buildRules = (
			);
			dependencies = (
			);
			name = VK_client;
			productName = VK_client;
			productReference = 2E322E3323E2DDED005DF1F6 /* VK_client.app */;
			productType = "com.apple.product-type.application";
		};
/* End PBXNativeTarget section */

/* Begin PBXProject section */
		2E322E2B23E2DDED005DF1F6 /* Project object */ = {
			isa = PBXProject;
			attributes = {
				LastSwiftUpdateCheck = 1110;
				LastUpgradeCheck = 1110;
				ORGANIZATIONNAME = "Полина Войтенко";
				TargetAttributes = {
					2E322E3223E2DDED005DF1F6 = {
						CreatedOnToolsVersion = 11.1;
					};
				};
			};
			buildConfigurationList = 2E322E2E23E2DDED005DF1F6 /* Build configuration list for PBXProject "VK_client" */;
			compatibilityVersion = "Xcode 9.3";
			developmentRegion = en;
			hasScannedForEncodings = 0;
			knownRegions = (
				en,
				Base,
			);
			mainGroup = 2E322E2A23E2DDED005DF1F6;
			productRefGroup = 2E322E3423E2DDED005DF1F6 /* Products */;
			projectDirPath = "";
			projectRoot = "";
			targets = (
				2E322E3223E2DDED005DF1F6 /* VK_client */,
			);
		};
/* End PBXProject section */

/* Begin PBXResourcesBuildPhase section */
		2E322E3123E2DDED005DF1F6 /* Resources */ = {
			isa = PBXResourcesBuildPhase;
			buildActionMask = 2147483647;
			files = (
				2E322E4623E2DDF5005DF1F6 /* LaunchScreen.storyboard in Resources */,
				2EEC9843243C7ACF00D8E050 /* GoogleService-Info.plist in Resources */,
				2E322E4323E2DDF5005DF1F6 /* Assets.xcassets in Resources */,
				2E322E3E23E2DDED005DF1F6 /* Main.storyboard in Resources */,
			);
			runOnlyForDeploymentPostprocessing = 0;
		};
/* End PBXResourcesBuildPhase section */

/* Begin PBXShellScriptBuildPhase section */
		A9545FB60FF5D7499C6E1A7E /* [CP] Embed Pods Frameworks */ = {
			isa = PBXShellScriptBuildPhase;
			buildActionMask = 2147483647;
			files = (
			);
			inputFileListPaths = (
				"${PODS_ROOT}/Target Support Files/Pods-VK_client/Pods-VK_client-frameworks-${CONFIGURATION}-input-files.xcfilelist",
			);
			name = "[CP] Embed Pods Frameworks";
			outputFileListPaths = (
				"${PODS_ROOT}/Target Support Files/Pods-VK_client/Pods-VK_client-frameworks-${CONFIGURATION}-output-files.xcfilelist",
			);
			runOnlyForDeploymentPostprocessing = 0;
			shellPath = /bin/sh;
			shellScript = "\"${PODS_ROOT}/Target Support Files/Pods-VK_client/Pods-VK_client-frameworks.sh\"\n";
			showEnvVarsInLog = 0;
		};
		C4AA68EE71C00C0FEC0F98D1 /* [CP] Check Pods Manifest.lock */ = {
			isa = PBXShellScriptBuildPhase;
			buildActionMask = 2147483647;
			files = (
			);
			inputFileListPaths = (
			);
			inputPaths = (
				"${PODS_PODFILE_DIR_PATH}/Podfile.lock",
				"${PODS_ROOT}/Manifest.lock",
			);
			name = "[CP] Check Pods Manifest.lock";
			outputFileListPaths = (
			);
			outputPaths = (
				"$(DERIVED_FILE_DIR)/Pods-VK_client-checkManifestLockResult.txt",
			);
			runOnlyForDeploymentPostprocessing = 0;
			shellPath = /bin/sh;
			shellScript = "diff \"${PODS_PODFILE_DIR_PATH}/Podfile.lock\" \"${PODS_ROOT}/Manifest.lock\" > /dev/null\nif [ $? != 0 ] ; then\n    # print error to STDERR\n    echo \"error: The sandbox is not in sync with the Podfile.lock. Run 'pod install' or update your CocoaPods installation.\" >&2\n    exit 1\nfi\n# This output is used by Xcode 'outputs' to avoid re-running this script phase.\necho \"SUCCESS\" > \"${SCRIPT_OUTPUT_FILE_0}\"\n";
			showEnvVarsInLog = 0;
		};
/* End PBXShellScriptBuildPhase section */

/* Begin PBXSourcesBuildPhase section */
		2E322E2F23E2DDED005DF1F6 /* Sources */ = {
			isa = PBXSourcesBuildPhase;
			buildActionMask = 2147483647;
			files = (
				2E54BD7D23F2D31F00056EC0 /* MyGroupsController.swift in Sources */,
				2E37049723FBF7CF002B115C /* ShadowContainer.swift in Sources */,
				2E54BD8323F2D52C00056EC0 /* User.swift in Sources */,
				2E69583B24E865F700E0A22A /* Promises.swift in Sources */,
				2E71A92424E1D7DD00AEDF84 /* AsyncOperation.swift in Sources */,
				2E322E4123E2DDED005DF1F6 /* VK_client.xcdatamodeld in Sources */,
				2E71A92024D0045F00AEDF84 /* NewsPostTableViewCell.swift in Sources */,
				2ED82969240919C200C0D7B3 /* LoadingAnimationViewController.swift in Sources */,
				2E54BD8623F2D68D00056EC0 /* MyFriendsCell.swift in Sources */,
				2E71A92624E1D8E100AEDF84 /* FetchDataOperation.swift in Sources */,
				2ED6225323F6C2170031AB3A /* UserPhotosCell.swift in Sources */,
				2E54BD7F23F2D33200056EC0 /* MyGroupsCell.swift in Sources */,
				2ED829622408240F00C0D7B3 /* NewsTableViewController.swift in Sources */,
				2E54BD7B23F2D03D00056EC0 /* GlobalGroupsController.swift in Sources */,
				2E54BD8123F2D37700056EC0 /* Group.swift in Sources */,
				2E322E3723E2DDED005DF1F6 /* AppDelegate.swift in Sources */,
				2E71A92A24E1DA1200AEDF84 /* SafeToRealmOperation.swift in Sources */,
				2E54BD8823F2D6A300056EC0 /* MyFriendsController.swift in Sources */,
				2E322E3923E2DDED005DF1F6 /* SceneDelegate.swift in Sources */,
				2E71A92C24E1DA2800AEDF84 /* DisplayDataOperation.swift in Sources */,
				2ED829712409C29F00C0D7B3 /* ShowImageViewController.swift in Sources */,
				2E71A92224D0047000AEDF84 /* NewsPhotoTableViewCell.swift in Sources */,
				2ED8297A240E44C300C0D7B3 /* CustomNavigationController.swift in Sources */,
				2ED8299D241BA46F00C0D7B3 /* Session.swift in Sources */,
				2ED82978240E430E00C0D7B3 /* CustonPopAnimator.swift in Sources */,
				2E37049B23FBFF88002B115C /* PhotoLikesCounter.swift in Sources */,
				2E54BD7923F2D02B00056EC0 /* GlobalsGroupsCell.swift in Sources */,
				2ED8297C240E654500C0D7B3 /* CustomInteractiveTransition.swift in Sources */,
				2ED829A1242115C600C0D7B3 /* VKClientServer.swift in Sources */,
				2ED6225123F6C1D30031AB3A /* UserPhotosController.swift in Sources */,
				2EA001832425480100F1FE42 /* Photo.swift in Sources */,
				2E37049923FBF7E4002B115C /* ShapeContainer.swift in Sources */,
				2ED8296624083EB600C0D7B3 /* News.swift in Sources */,
				2ED829A4242129F100C0D7B3 /* AuthorizationViewController.swift in Sources */,
				2E71A92824E1D9DB00AEDF84 /* ParseDataOperation.swift in Sources */,
				2ED82976240E42F600C0D7B3 /* CustomPushAnimator.swift in Sources */,
			);
			runOnlyForDeploymentPostprocessing = 0;
		};
/* End PBXSourcesBuildPhase section */

/* Begin PBXVariantGroup section */
		2E322E3C23E2DDED005DF1F6 /* Main.storyboard */ = {
			isa = PBXVariantGroup;
			children = (
				2E322E3D23E2DDED005DF1F6 /* Base */,
			);
			name = Main.storyboard;
			sourceTree = "<group>";
		};
		2E322E4423E2DDF5005DF1F6 /* LaunchScreen.storyboard */ = {
			isa = PBXVariantGroup;
			children = (
				2E322E4523E2DDF5005DF1F6 /* Base */,
			);
			name = LaunchScreen.storyboard;
			sourceTree = "<group>";
		};
/* End PBXVariantGroup section */

/* Begin XCBuildConfiguration section */
		2E322E4823E2DDF5005DF1F6 /* Debug */ = {
			isa = XCBuildConfiguration;
			buildSettings = {
				ALWAYS_SEARCH_USER_PATHS = NO;
				CLANG_ANALYZER_NONNULL = YES;
				CLANG_ANALYZER_NUMBER_OBJECT_CONVERSION = YES_AGGRESSIVE;
				CLANG_CXX_LANGUAGE_STANDARD = "gnu++14";
				CLANG_CXX_LIBRARY = "libc++";
				CLANG_ENABLE_MODULES = YES;
				CLANG_ENABLE_OBJC_ARC = YES;
				CLANG_ENABLE_OBJC_WEAK = YES;
				CLANG_WARN_BLOCK_CAPTURE_AUTORELEASING = YES;
				CLANG_WARN_BOOL_CONVERSION = YES;
				CLANG_WARN_COMMA = YES;
				CLANG_WARN_CONSTANT_CONVERSION = YES;
				CLANG_WARN_DEPRECATED_OBJC_IMPLEMENTATIONS = YES;
				CLANG_WARN_DIRECT_OBJC_ISA_USAGE = YES_ERROR;
				CLANG_WARN_DOCUMENTATION_COMMENTS = YES;
				CLANG_WARN_EMPTY_BODY = YES;
				CLANG_WARN_ENUM_CONVERSION = YES;
				CLANG_WARN_INFINITE_RECURSION = YES;
				CLANG_WARN_INT_CONVERSION = YES;
				CLANG_WARN_NON_LITERAL_NULL_CONVERSION = YES;
				CLANG_WARN_OBJC_IMPLICIT_RETAIN_SELF = YES;
				CLANG_WARN_OBJC_LITERAL_CONVERSION = YES;
				CLANG_WARN_OBJC_ROOT_CLASS = YES_ERROR;
				CLANG_WARN_RANGE_LOOP_ANALYSIS = YES;
				CLANG_WARN_STRICT_PROTOTYPES = YES;
				CLANG_WARN_SUSPICIOUS_MOVE = YES;
				CLANG_WARN_UNGUARDED_AVAILABILITY = YES_AGGRESSIVE;
				CLANG_WARN_UNREACHABLE_CODE = YES;
				CLANG_WARN__DUPLICATE_METHOD_MATCH = YES;
				COPY_PHASE_STRIP = NO;
				DEBUG_INFORMATION_FORMAT = dwarf;
				ENABLE_STRICT_OBJC_MSGSEND = YES;
				ENABLE_TESTABILITY = YES;
				GCC_C_LANGUAGE_STANDARD = gnu11;
				GCC_DYNAMIC_NO_PIC = NO;
				GCC_NO_COMMON_BLOCKS = YES;
				GCC_OPTIMIZATION_LEVEL = 0;
				GCC_PREPROCESSOR_DEFINITIONS = (
					"DEBUG=1",
					"$(inherited)",
				);
				GCC_WARN_64_TO_32_BIT_CONVERSION = YES;
				GCC_WARN_ABOUT_RETURN_TYPE = YES_ERROR;
				GCC_WARN_UNDECLARED_SELECTOR = YES;
				GCC_WARN_UNINITIALIZED_AUTOS = YES_AGGRESSIVE;
				GCC_WARN_UNUSED_FUNCTION = YES;
				GCC_WARN_UNUSED_VARIABLE = YES;
				IPHONEOS_DEPLOYMENT_TARGET = 13.1;
				MTL_ENABLE_DEBUG_INFO = INCLUDE_SOURCE;
				MTL_FAST_MATH = YES;
				ONLY_ACTIVE_ARCH = YES;
				SDKROOT = iphoneos;
				SWIFT_ACTIVE_COMPILATION_CONDITIONS = DEBUG;
				SWIFT_OPTIMIZATION_LEVEL = "-Onone";
			};
			name = Debug;
		};
		2E322E4923E2DDF5005DF1F6 /* Release */ = {
			isa = XCBuildConfiguration;
			buildSettings = {
				ALWAYS_SEARCH_USER_PATHS = NO;
				CLANG_ANALYZER_NONNULL = YES;
				CLANG_ANALYZER_NUMBER_OBJECT_CONVERSION = YES_AGGRESSIVE;
				CLANG_CXX_LANGUAGE_STANDARD = "gnu++14";
				CLANG_CXX_LIBRARY = "libc++";
				CLANG_ENABLE_MODULES = YES;
				CLANG_ENABLE_OBJC_ARC = YES;
				CLANG_ENABLE_OBJC_WEAK = YES;
				CLANG_WARN_BLOCK_CAPTURE_AUTORELEASING = YES;
				CLANG_WARN_BOOL_CONVERSION = YES;
				CLANG_WARN_COMMA = YES;
				CLANG_WARN_CONSTANT_CONVERSION = YES;
				CLANG_WARN_DEPRECATED_OBJC_IMPLEMENTATIONS = YES;
				CLANG_WARN_DIRECT_OBJC_ISA_USAGE = YES_ERROR;
				CLANG_WARN_DOCUMENTATION_COMMENTS = YES;
				CLANG_WARN_EMPTY_BODY = YES;
				CLANG_WARN_ENUM_CONVERSION = YES;
				CLANG_WARN_INFINITE_RECURSION = YES;
				CLANG_WARN_INT_CONVERSION = YES;
				CLANG_WARN_NON_LITERAL_NULL_CONVERSION = YES;
				CLANG_WARN_OBJC_IMPLICIT_RETAIN_SELF = YES;
				CLANG_WARN_OBJC_LITERAL_CONVERSION = YES;
				CLANG_WARN_OBJC_ROOT_CLASS = YES_ERROR;
				CLANG_WARN_RANGE_LOOP_ANALYSIS = YES;
				CLANG_WARN_STRICT_PROTOTYPES = YES;
				CLANG_WARN_SUSPICIOUS_MOVE = YES;
				CLANG_WARN_UNGUARDED_AVAILABILITY = YES_AGGRESSIVE;
				CLANG_WARN_UNREACHABLE_CODE = YES;
				CLANG_WARN__DUPLICATE_METHOD_MATCH = YES;
				COPY_PHASE_STRIP = NO;
				DEBUG_INFORMATION_FORMAT = "dwarf-with-dsym";
				ENABLE_NS_ASSERTIONS = NO;
				ENABLE_STRICT_OBJC_MSGSEND = YES;
				GCC_C_LANGUAGE_STANDARD = gnu11;
				GCC_NO_COMMON_BLOCKS = YES;
				GCC_WARN_64_TO_32_BIT_CONVERSION = YES;
				GCC_WARN_ABOUT_RETURN_TYPE = YES_ERROR;
				GCC_WARN_UNDECLARED_SELECTOR = YES;
				GCC_WARN_UNINITIALIZED_AUTOS = YES_AGGRESSIVE;
				GCC_WARN_UNUSED_FUNCTION = YES;
				GCC_WARN_UNUSED_VARIABLE = YES;
				IPHONEOS_DEPLOYMENT_TARGET = 13.1;
				MTL_ENABLE_DEBUG_INFO = NO;
				MTL_FAST_MATH = YES;
				SDKROOT = iphoneos;
				SWIFT_COMPILATION_MODE = wholemodule;
				SWIFT_OPTIMIZATION_LEVEL = "-O";
				VALIDATE_PRODUCT = YES;
			};
			name = Release;
		};
		2E322E4B23E2DDF5005DF1F6 /* Debug */ = {
			isa = XCBuildConfiguration;
			baseConfigurationReference = 5BFD1AA6937073414636CBDC /* Pods-VK_client.debug.xcconfig */;
			buildSettings = {
				ASSETCATALOG_COMPILER_APPICON_NAME = AppIcon;
				CODE_SIGN_STYLE = Automatic;
				DEVELOPMENT_TEAM = 579A83U37C;
				INFOPLIST_FILE = VK_client/Info.plist;
				LD_RUNPATH_SEARCH_PATHS = (
					"$(inherited)",
					"@executable_path/Frameworks",
				);
				PRODUCT_BUNDLE_IDENTIFIER = "com.astrolaboos.VK-client";
				PRODUCT_NAME = "$(TARGET_NAME)";
				SWIFT_VERSION = 5.0;
				TARGETED_DEVICE_FAMILY = "1,2";
			};
			name = Debug;
		};
		2E322E4C23E2DDF5005DF1F6 /* Release */ = {
			isa = XCBuildConfiguration;
			baseConfigurationReference = 8240FF08C5D5CE61FEB07ABD /* Pods-VK_client.release.xcconfig */;
			buildSettings = {
				ASSETCATALOG_COMPILER_APPICON_NAME = AppIcon;
				CODE_SIGN_STYLE = Automatic;
				DEVELOPMENT_TEAM = 579A83U37C;
				INFOPLIST_FILE = VK_client/Info.plist;
				LD_RUNPATH_SEARCH_PATHS = (
					"$(inherited)",
					"@executable_path/Frameworks",
				);
				PRODUCT_BUNDLE_IDENTIFIER = "com.astrolaboos.VK-client";
				PRODUCT_NAME = "$(TARGET_NAME)";
				SWIFT_VERSION = 5.0;
				TARGETED_DEVICE_FAMILY = "1,2";
			};
			name = Release;
		};
/* End XCBuildConfiguration section */

/* Begin XCConfigurationList section */
		2E322E2E23E2DDED005DF1F6 /* Build configuration list for PBXProject "VK_client" */ = {
			isa = XCConfigurationList;
			buildConfigurations = (
				2E322E4823E2DDF5005DF1F6 /* Debug */,
				2E322E4923E2DDF5005DF1F6 /* Release */,
			);
			defaultConfigurationIsVisible = 0;
			defaultConfigurationName = Release;
		};
		2E322E4A23E2DDF5005DF1F6 /* Build configuration list for PBXNativeTarget "VK_client" */ = {
			isa = XCConfigurationList;
			buildConfigurations = (
				2E322E4B23E2DDF5005DF1F6 /* Debug */,
				2E322E4C23E2DDF5005DF1F6 /* Release */,
			);
			defaultConfigurationIsVisible = 0;
			defaultConfigurationName = Release;
		};
/* End XCConfigurationList section */

/* Begin XCVersionGroup section */
		2E322E3F23E2DDED005DF1F6 /* VK_client.xcdatamodeld */ = {
			isa = XCVersionGroup;
			children = (
				2E322E4023E2DDED005DF1F6 /* VK_client.xcdatamodel */,
			);
			currentVersion = 2E322E4023E2DDED005DF1F6 /* VK_client.xcdatamodel */;
			path = VK_client.xcdatamodeld;
			sourceTree = "<group>";
			versionGroupType = wrapper.xcdatamodel;
		};
/* End XCVersionGroup section */
	};
	rootObject = 2E322E2B23E2DDED005DF1F6 /* Project object */;
}
